
Microsoft Visual Studio Solution File, Format Version 12.00
# Visual Studio Version 16
VisualStudioVersion = 16.0.29306.81
MinimumVisualStudioVersion = 10.0.40219.1
Project("{FAE04EC0-301F-11D3-BF4B-00C04F79EFBC}") = "lesson_2", "lesson_2.csproj", "{E59DF6EE-A4ED-44D9-B515-CF3568D98A9B}"
EndProject
Global
	GlobalSection(SolutionConfigurationPlatforms) = preSolution
		Debug|Any CPU = Debug|Any CPU
		Release|Any CPU = Release|Any CPU
	EndGlobalSection
	GlobalSection(ProjectConfigurationPlatforms) = postSolution
		{E59DF6EE-A4ED-44D9-B515-CF3568D98A9B}.Debug|Any CPU.ActiveCfg = Debug|Any CPU
		{E59DF6EE-A4ED-44D9-B515-CF3568D98A9B}.Debug|Any CPU.Build.0 = Debug|Any CPU
		{E59DF6EE-A4ED-44D9-B515-CF3568D98A9B}.Release|Any CPU.ActiveCfg = Release|Any CPU
		{E59DF6EE-A4ED-44D9-B515-CF3568D98A9B}.Release|Any CPU.Build.0 = Release|Any CPU
	EndGlobalSection
	GlobalSection(SolutionProperties) = preSolution
		HideSolutionNode = FALSE
	EndGlobalSection
	GlobalSection(ExtensibilityGlobals) = postSolution
		SolutionGuid = {DA4B0153-E6D9-4D54-9FEB-A20B89D99E12}
	EndGlobalSection
EndGlobal
